Microsoft Visual Studio Solution File, Format Version 12.00
# Visual Studio Version 17
VisualStudioVersion = 17.5.2.0
MinimumVisualStudioVersion = 10.0.40219.1
Project("{FAE04EC0-301F-11D3-BF4B-00C04F79EFBC}") = "EventOrganizationSystem", "EventOrganizationSystem.csproj", "{0EC67B57-3935-B7DA-E170-CADF36050334}"
EndProject
Global
	GlobalSection(SolutionConfigurationPlatforms) = preSolution
		Debug|Any CPU = Debug|Any CPU
		Release|Any CPU = Release|Any CPU
	EndGlobalSection
	GlobalSection(ProjectConfigurationPlatforms) = postSolution
		{0EC67B57-3935-B7DA-E170-CADF36050334}.Debug|Any CPU.ActiveCfg = Debug|Any CPU
		{0EC67B57-3935-B7DA-E170-CADF36050334}.Debug|Any CPU.Build.0 = Debug|Any CPU
		{0EC67B57-3935-B7DA-E170-CADF36050334}.Release|Any CPU.ActiveCfg = Release|Any CPU
		{0EC67B57-3935-B7DA-E170-CADF36050334}.Release|Any CPU.Build.0 = Release|Any CPU
	EndGlobalSection
	GlobalSection(SolutionProperties) = preSolution
		HideSolutionNode = FALSE
	EndGlobalSection
	GlobalSection(ExtensibilityGlobals) = postSolution
		SolutionGuid = {BA49BAFC-ECE4-42C9-A184-423E389309E8}
	EndGlobalSection
EndGlobal
